
Microsoft Visual Studio Solution File, Format Version 12.00
# Visual Studio Version 17
VisualStudioVersion = 17.14.36511.14 d17.14
MinimumVisualStudioVersion = 10.0.40219.1
Project("{FAE04EC0-301F-11D3-BF4B-00C04F79EFBC}") = "WinFormsApp2", "WinFormsApp2\WinFormsApp2.csproj", "{46A0DB99-6EF0-44B5-A8C3-8C162987619D}"
EndProject
Global
	GlobalSection(SolutionConfigurationPlatforms) = preSolution
		Debug|Any CPU = Debug|Any CPU
		Release|Any CPU = Release|Any CPU
	EndGlobalSection
	GlobalSection(ProjectConfigurationPlatforms) = postSolution
		{46A0DB99-6EF0-44B5-A8C3-8C162987619D}.Debug|Any CPU.ActiveCfg = Debug|Any CPU
		{46A0DB99-6EF0-44B5-A8C3-8C162987619D}.Debug|Any CPU.Build.0 = Debug|Any CPU
		{46A0DB99-6EF0-44B5-A8C3-8C162987619D}.Release|Any CPU.ActiveCfg = Release|Any CPU
		{46A0DB99-6EF0-44B5-A8C3-8C162987619D}.Release|Any CPU.Build.0 = Release|Any CPU
	EndGlobalSection
	GlobalSection(SolutionProperties) = preSolution
		HideSolutionNode = FALSE
	EndGlobalSection
	GlobalSection(ExtensibilityGlobals) = postSolution
		SolutionGuid = {FD1813CB-96EA-47E5-9C70-FCE301F8BF6C}
	EndGlobalSection
EndGlobal
